
Microsoft Visual Studio Solution File, Format Version 12.00
# Visual Studio 15
VisualStudioVersion = 15.0.28307.1259
MinimumVisualStudioVersion = 10.0.40219.1
Project("{FAE04EC0-301F-11D3-BF4B-00C04F79EFBC}") = "DigitToWord", "DigitToWord\DigitToWord.csproj", "{A93F7803-62C0-4E5E-B8CE-2102A08E8C68}"
EndProject
Global
	GlobalSection(SolutionConfigurationPlatforms) = preSolution
		Debug|Any CPU = Debug|Any CPU
		Release|Any CPU = Release|Any CPU
	EndGlobalSection
	GlobalSection(ProjectConfigurationPlatforms) = postSolution
		{A93F7803-62C0-4E5E-B8CE-2102A08E8C68}.Debug|Any CPU.ActiveCfg = Debug|Any CPU
		{A93F7803-62C0-4E5E-B8CE-2102A08E8C68}.Debug|Any CPU.Build.0 = Debug|Any CPU
		{A93F7803-62C0-4E5E-B8CE-2102A08E8C68}.Release|Any CPU.ActiveCfg = Release|Any CPU
		{A93F7803-62C0-4E5E-B8CE-2102A08E8C68}.Release|Any CPU.Build.0 = Release|Any CPU
	EndGlobalSection
	GlobalSection(SolutionProperties) = preSolution
		HideSolutionNode = FALSE
	EndGlobalSection
	GlobalSection(ExtensibilityGlobals) = postSolution
		SolutionGuid = {DD680766-60EF-4689-9684-C904A0A41CF3}
	EndGlobalSection
EndGlobal
